
Microsoft Visual Studio Solution File, Format Version 12.00
# Visual Studio 14
VisualStudioVersion = 14.0.25420.1
MinimumVisualStudioVersion = 10.0.40219.1
Project("{2150E333-8FDC-42A3-9474-1A3956D46DE8}") = "Solution Items", "Solution Items", "{ED075A0E-885C-4BA8-AF91-9BC75D64B1F1}"
	ProjectSection(SolutionItems) = preProject
		.gitignore = .gitignore
		README.md = README.md
	EndProjectSection
EndProject
Project("{2150E333-8FDC-42A3-9474-1A3956D46DE8}") = "Core", "Core", "{0621BA81-9A50-4AF7-8B80-74CEF181A334}"
EndProject
Project("{FAE04EC0-301F-11D3-BF4B-00C04F79EFBC}") = "BlueSky.Core", "src\BlueSky.Core\BlueSky.Core.csproj", "{7FF8C66D-ACD9-44A5-BE2D-CC79A1F4F978}"
EndProject
Project("{2150E333-8FDC-42A3-9474-1A3956D46DE8}") = "Common", "Common", "{5130D7EC-8C6D-488B-BD56-01D41475D135}"
EndProject
Project("{FAE04EC0-301F-11D3-BF4B-00C04F79EFBC}") = "BlueSky.Common.DomainModel", "src\BlueSky.Common.DomainModel\BlueSky.Common.DomainModel.csproj", "{7521AE25-A897-4ABE-BC2C-473D3C5CC847}"
EndProject
Project("{FAE04EC0-301F-11D3-BF4B-00C04F79EFBC}") = "BlueSky.Common.Persistence", "src\BlueSky.Common.Persistence\BlueSky.Common.Persistence.csproj", "{5644AFD3-1B5C-4571-92E7-1A4D51F69CC8}"
EndProject
Project("{2150E333-8FDC-42A3-9474-1A3956D46DE8}") = "AssemblyInfos", "AssemblyInfos", "{291A639B-09A8-4F41-8411-F4B2EC373DB2}"
	ProjectSection(SolutionItems) = preProject
		src\GlobalAssemblyInfo.cs = src\GlobalAssemblyInfo.cs
		src\GlobalVersionAssemblyInfo.cs = src\GlobalVersionAssemblyInfo.cs
	EndProjectSection
EndProject
Project("{FAE04EC0-301F-11D3-BF4B-00C04F79EFBC}") = "BlueSky.Common.Migrations", "src\BlueSky.Common.Migrations\BlueSky.Common.Migrations.csproj", "{5E013ADC-9CC8-4715-AFEA-457DEE83F703}"
EndProject
Project("{FAE04EC0-301F-11D3-BF4B-00C04F79EFBC}") = "BlueSky.Common.Mappings", "src\BlueSky.Common.Mappings\BlueSky.Common.Mappings.csproj", "{1F4A57DC-8CB1-4AC3-B7F4-FDFBA6110F3D}"
EndProject
Project("{FAE04EC0-301F-11D3-BF4B-00C04F79EFBC}") = "BlueSky.Core.Test", "src\BlueSky.Core.Test\BlueSky.Core.Test.csproj", "{061E1664-4681-4CCE-95B3-ADC87650ED94}"
EndProject
Project("{2150E333-8FDC-42A3-9474-1A3956D46DE8}") = "E-Commerce", "E-Commerce", "{8454E0A3-E7E5-4098-9FAD-7EF02785BA44}"
EndProject
Project("{FAE04EC0-301F-11D3-BF4B-00C04F79EFBC}") = "BlueSky.Commerce.DomainModel", "src\BlueSky.Commerce.DomainModel\BlueSky.Commerce.DomainModel.csproj", "{3F0A27D4-F8DC-4826-B800-229EBE717496}"
EndProject
Project("{FAE04EC0-301F-11D3-BF4B-00C04F79EFBC}") = "BlueSky.Commerce.Persistence", "src\BlueSky.Commerce.Persistence\BlueSky.Commerce.Persistence.csproj", "{46CB5FFE-EB8D-4910-A7AC-30E6A2EEEE83}"
EndProject
Project("{FAE04EC0-301F-11D3-BF4B-00C04F79EFBC}") = "BlueSky.Commerce.Mappings", "src\BlueSky.Commerce.Mappings\BlueSky.Commerce.Mappings.csproj", "{FBAE28CF-5E44-4929-8685-CDDB6E44A5A7}"
EndProject
Project("{FAE04EC0-301F-11D3-BF4B-00C04F79EFBC}") = "BlueSky.Commerce.Migrations", "src\BlueSky.Commerce.Migrations\BlueSky.Commerce.Migrations.csproj", "{31993ADA-F22B-43EC-B47E-795293701333}"
EndProject
Project("{FAE04EC0-301F-11D3-BF4B-00C04F79EFBC}") = "BlueSky.Commerce.WebUI", "src\BlueSky.Commerce.WebUI\BlueSky.Commerce.WebUI.csproj", "{9E723094-2577-4C1F-88E9-1D1EEFD8322C}"
EndProject
Project("{FAE04EC0-301F-11D3-BF4B-00C04F79EFBC}") = "BlueSky.Common.WebFramework", "src\BlueSky.Common.WebFramework\BlueSky.Common.WebFramework.csproj", "{B98F3D6D-51B6-48A6-A214-21CF0427B5D4}"
EndProject
Global
	GlobalSection(SolutionConfigurationPlatforms) = preSolution
		Debug|Any CPU = Debug|Any CPU
		Release|Any CPU = Release|Any CPU
	EndGlobalSection
	GlobalSection(ProjectConfigurationPlatforms) = postSolution
		{7FF8C66D-ACD9-44A5-BE2D-CC79A1F4F978}.Debug|Any CPU.ActiveCfg = Debug|Any CPU
		{7FF8C66D-ACD9-44A5-BE2D-CC79A1F4F978}.Debug|Any CPU.Build.0 = Debug|Any CPU
		{7FF8C66D-ACD9-44A5-BE2D-CC79A1F4F978}.Release|Any CPU.ActiveCfg = Release|Any CPU
		{7FF8C66D-ACD9-44A5-BE2D-CC79A1F4F978}.Release|Any CPU.Build.0 = Release|Any CPU
		{7521AE25-A897-4ABE-BC2C-473D3C5CC847}.Debug|Any CPU.ActiveCfg = Debug|Any CPU
		{7521AE25-A897-4ABE-BC2C-473D3C5CC847}.Debug|Any CPU.Build.0 = Debug|Any CPU
		{7521AE25-A897-4ABE-BC2C-473D3C5CC847}.Release|Any CPU.ActiveCfg = Release|Any CPU
		{7521AE25-A897-4ABE-BC2C-473D3C5CC847}.Release|Any CPU.Build.0 = Release|Any CPU
		{5644AFD3-1B5C-4571-92E7-1A4D51F69CC8}.Debug|Any CPU.ActiveCfg = Debug|Any CPU
		{5644AFD3-1B5C-4571-92E7-1A4D51F69CC8}.Debug|Any CPU.Build.0 = Debug|Any CPU
		{5644AFD3-1B5C-4571-92E7-1A4D51F69CC8}.Release|Any CPU.ActiveCfg = Release|Any CPU
		{5644AFD3-1B5C-4571-92E7-1A4D51F69CC8}.Release|Any CPU.Build.0 = Release|Any CPU
		{5E013ADC-9CC8-4715-AFEA-457DEE83F703}.Debug|Any CPU.ActiveCfg = Debug|Any CPU
		{5E013ADC-9CC8-4715-AFEA-457DEE83F703}.Debug|Any CPU.Build.0 = Debug|Any CPU
		{5E013ADC-9CC8-4715-AFEA-457DEE83F703}.Release|Any CPU.ActiveCfg = Release|Any CPU
		{5E013ADC-9CC8-4715-AFEA-457DEE83F703}.Release|Any CPU.Build.0 = Release|Any CPU
		{1F4A57DC-8CB1-4AC3-B7F4-FDFBA6110F3D}.Debug|Any CPU.ActiveCfg = Debug|Any CPU
		{1F4A57DC-8CB1-4AC3-B7F4-FDFBA6110F3D}.Debug|Any CPU.Build.0 = Debug|Any CPU
		{1F4A57DC-8CB1-4AC3-B7F4-FDFBA6110F3D}.Release|Any CPU.ActiveCfg = Release|Any CPU
		{1F4A57DC-8CB1-4AC3-B7F4-FDFBA6110F3D}.Release|Any CPU.Build.0 = Release|Any CPU
		{061E1664-4681-4CCE-95B3-ADC87650ED94}.Debug|Any CPU.ActiveCfg = Debug|Any CPU
		{061E1664-4681-4CCE-95B3-ADC87650ED94}.Debug|Any CPU.Build.0 = Debug|Any CPU
		{061E1664-4681-4CCE-95B3-ADC87650ED94}.Release|Any CPU.ActiveCfg = Release|Any CPU
		{061E1664-4681-4CCE-95B3-ADC87650ED94}.Release|Any CPU.Build.0 = Release|Any CPU
		{3F0A27D4-F8DC-4826-B800-229EBE717496}.Debug|Any CPU.ActiveCfg = Debug|Any CPU
		{3F0A27D4-F8DC-4826-B800-229EBE717496}.Debug|Any CPU.Build.0 = Debug|Any CPU
		{3F0A27D4-F8DC-4826-B800-229EBE717496}.Release|Any CPU.ActiveCfg = Release|Any CPU
		{3F0A27D4-F8DC-4826-B800-229EBE717496}.Release|Any CPU.Build.0 = Release|Any CPU
		{46CB5FFE-EB8D-4910-A7AC-30E6A2EEEE83}.Debug|Any CPU.ActiveCfg = Debug|Any CPU
		{46CB5FFE-EB8D-4910-A7AC-30E6A2EEEE83}.Debug|Any CPU.Build.0 = Debug|Any CPU
		{46CB5FFE-EB8D-4910-A7AC-30E6A2EEEE83}.Release|Any CPU.ActiveCfg = Release|Any CPU
		{46CB5FFE-EB8D-4910-A7AC-30E6A2EEEE83}.Release|Any CPU.Build.0 = Release|Any CPU
		{FBAE28CF-5E44-4929-8685-CDDB6E44A5A7}.Debug|Any CPU.ActiveCfg = Debug|Any CPU
		{FBAE28CF-5E44-4929-8685-CDDB6E44A5A7}.Debug|Any CPU.Build.0 = Debug|Any CPU
		{FBAE28CF-5E44-4929-8685-CDDB6E44A5A7}.Release|Any CPU.ActiveCfg = Release|Any CPU
		{FBAE28CF-5E44-4929-8685-CDDB6E44A5A7}.Release|Any CPU.Build.0 = Release|Any CPU
		{31993ADA-F22B-43EC-B47E-795293701333}.Debug|Any CPU.ActiveCfg = Debug|Any CPU
		{31993ADA-F22B-43EC-B47E-795293701333}.Debug|Any CPU.Build.0 = Debug|Any CPU
		{31993ADA-F22B-43EC-B47E-795293701333}.Release|Any CPU.ActiveCfg = Release|Any CPU
		{31993ADA-F22B-43EC-B47E-795293701333}.Release|Any CPU.Build.0 = Release|Any CPU
		{9E723094-2577-4C1F-88E9-1D1EEFD8322C}.Debug|Any CPU.ActiveCfg = Debug|Any CPU
		{9E723094-2577-4C1F-88E9-1D1EEFD8322C}.Debug|Any CPU.Build.0 = Debug|Any CPU
		{9E723094-2577-4C1F-88E9-1D1EEFD8322C}.Release|Any CPU.ActiveCfg = Release|Any CPU
		{9E723094-2577-4C1F-88E9-1D1EEFD8322C}.Release|Any CPU.Build.0 = Release|Any CPU
		{B98F3D6D-51B6-48A6-A214-21CF0427B5D4}.Debug|Any CPU.ActiveCfg = Debug|Any CPU
		{B98F3D6D-51B6-48A6-A214-21CF0427B5D4}.Debug|Any CPU.Build.0 = Debug|Any CPU
		{B98F3D6D-51B6-48A6-A214-21CF0427B5D4}.Release|Any CPU.ActiveCfg = Release|Any CPU
		{B98F3D6D-51B6-48A6-A214-21CF0427B5D4}.Release|Any CPU.Build.0 = Release|Any CPU
	EndGlobalSection
	GlobalSection(SolutionProperties) = preSolution
		HideSolutionNode = FALSE
	EndGlobalSection
	GlobalSection(NestedProjects) = preSolution
		{7FF8C66D-ACD9-44A5-BE2D-CC79A1F4F978} = {0621BA81-9A50-4AF7-8B80-74CEF181A334}
		{7521AE25-A897-4ABE-BC2C-473D3C5CC847} = {5130D7EC-8C6D-488B-BD56-01D41475D135}
		{5644AFD3-1B5C-4571-92E7-1A4D51F69CC8} = {5130D7EC-8C6D-488B-BD56-01D41475D135}
		{5E013ADC-9CC8-4715-AFEA-457DEE83F703} = {5130D7EC-8C6D-488B-BD56-01D41475D135}
		{1F4A57DC-8CB1-4AC3-B7F4-FDFBA6110F3D} = {5130D7EC-8C6D-488B-BD56-01D41475D135}
		{061E1664-4681-4CCE-95B3-ADC87650ED94} = {0621BA81-9A50-4AF7-8B80-74CEF181A334}
		{3F0A27D4-F8DC-4826-B800-229EBE717496} = {8454E0A3-E7E5-4098-9FAD-7EF02785BA44}
		{46CB5FFE-EB8D-4910-A7AC-30E6A2EEEE83} = {8454E0A3-E7E5-4098-9FAD-7EF02785BA44}
		{FBAE28CF-5E44-4929-8685-CDDB6E44A5A7} = {8454E0A3-E7E5-4098-9FAD-7EF02785BA44}
		{31993ADA-F22B-43EC-B47E-795293701333} = {8454E0A3-E7E5-4098-9FAD-7EF02785BA44}
		{9E723094-2577-4C1F-88E9-1D1EEFD8322C} = {8454E0A3-E7E5-4098-9FAD-7EF02785BA44}
		{B98F3D6D-51B6-48A6-A214-21CF0427B5D4} = {5130D7EC-8C6D-488B-BD56-01D41475D135}
	EndGlobalSection
EndGlobal
